<?xml version="1.0" encoding="utf-8"?>
<Project ToolsVersion="4.0" xmlns="http://schemas.microsoft.com/developer/msbuild/2003">
  <ItemGroup>
    <Filter Include="Source Files">
      <UniqueIdentifier>{4FC737F1-C7A5-4376-A066-2A32D752A2FF}</UniqueIdentifier>
      <Extensions>cpp;c;cc;cxx;c++;cppm;ixx;def;odl;idl;hpj;bat;asm;asmx</Extensions>
    </Filter>
    <Filter Include="Header Files">
      <UniqueIdentifier>{93995380-89BD-4b04-88EB-625FBE52EBFB}</UniqueIdentifier>
      <Extensions>h;hh;hpp;hxx;h++;hm;inl;inc;ipp;xsd</Extensions>
    </Filter>
    <Filter Include="Resource Files">
      <UniqueIdentifier>{67DA6AB6-F800-4c08-8B7A-83BB121AAD01}</UniqueIdentifier>
      <Extensions>rc;ico;cur;bmp;dlg;rc2;rct;bin;rgs;gif;jpg;jpeg;jpe;resx;tiff;tif;png;wav;mfcribbon-ms</Extensions>
    </Filter>
    <Filter Include="Header Files\language">
      <UniqueIdentifier>{60753251-5d30-4911-bd7a-97ab2c1b4918}</UniqueIdentifier>
    </Filter>
    <Filter Include="Header Files\player">
      <UniqueIdentifier>{95e3340f-da78-4776-b466-2fa2e9d7a6a1}</UniqueIdentifier>
    </Filter>
    <Filter Include="Header Files\map">
      <UniqueIdentifier>{bada86c9-b0f3-4e42-a93d-353e15cfd321}</UniqueIdentifier>
    </Filter>
    <Filter Include="Header Files\gameplay">
      <UniqueIdentifier>{6bb6d334-a7b3-42b4-bf7a-3cfc9644807b}</UniqueIdentifier>
    </Filter>
  </ItemGroup>
  <ItemGroup>
    <ClCompile Include="ludum-dare-48-simple.cpp">
      <Filter>Source Files</Filter>
    </ClCompile>
  </ItemGroup>
  <ItemGroup>
    <ClInclude Include="gen_thesaurus.h">
      <Filter>Header Files\language</Filter>
    </ClInclude>
    <ClInclude Include="gen_phrases.h">
      <Filter>Header Files\language</Filter>
    </ClInclude>
    <ClInclude Include="print_phrases.h">
      <Filter>Header Files\language</Filter>
    </ClInclude>
    <ClInclude Include="gen_player.h">
      <Filter>Header Files\player</Filter>
    </ClInclude>
    <ClInclude Include="print_player.h">
      <Filter>Header Files\player</Filter>
    </ClInclude>
    <ClInclude Include="print_map.h">
      <Filter>Header Files\map</Filter>
    </ClInclude>
    <ClInclude Include="gen_map.h">
      <Filter>Header Files\map</Filter>
    </ClInclude>
    <ClInclude Include="lore.h">
      <Filter>Header Files\gameplay</Filter>
    </ClInclude>
    <ClInclude Include="a_deeper_love.h">
      <Filter>Header Files</Filter>
    </ClInclude>
    <ClInclude Include="instructions.h">
      <Filter>Header Files\gameplay</Filter>
    </ClInclude>
    <ClInclude Include="get_command.h">
      <Filter>Header Files\gameplay</Filter>
    </ClInclude>
    <ClInclude Include="parse_command.h">
      <Filter>Header Files\gameplay</Filter>
    </ClInclude>
    <ClInclude Include="place_object.h">
      <Filter>Header Files\map</Filter>
    </ClInclude>
    <ClInclude Include="help.h">
      <Filter>Header Files\gameplay</Filter>
    </ClInclude>
    <ClInclude Include="move_player.h">
      <Filter>Header Files\player</Filter>
    </ClInclude>
    <ClInclude Include="print_verbs.h">
      <Filter>Header Files\language</Filter>
    </ClInclude>
    <ClInclude Include="encounter.h">
      <Filter>Header Files\gameplay</Filter>
    </ClInclude>
    <ClInclude Include="you_died.h">
      <Filter>Header Files\player</Filter>
    </ClInclude>
    <ClInclude Include="you_left.h">
      <Filter>Header Files\player</Filter>
    </ClInclude>
    <ClInclude Include="C:\Program Files (x86)\Microsoft Visual Studio\2019\Community\VC\Tools\MSVC\14.28.29910\include\yvals_core.h">
      <Filter>Header Files</Filter>
    </ClInclude>
    <ClInclude Include="C:\Program Files (x86)\Microsoft Visual Studio\2019\Community\VC\Tools\MSVC\14.28.29910\include\__msvc_system_error_abi.hpp">
      <Filter>Header Files</Filter>
    </ClInclude>
    <ClInclude Include="C:\Program Files (x86)\Microsoft Visual Studio\2019\Community\VC\Tools\MSVC\14.28.29910\include\concurrencysal.h">
      <Filter>Header Files</Filter>
    </ClInclude>
    <ClInclude Include="C:\Program Files (x86)\Windows Kits\10\Include\10.0.18362.0\ucrt\corecrt.h">
      <Filter>Header Files</Filter>
    </ClInclude>
    <ClInclude Include="C:\Program Files (x86)\Windows Kits\10\Include\10.0.18362.0\ucrt\corecrt_malloc.h">
      <Filter>Header Files</Filter>
    </ClInclude>
    <ClInclude Include="C:\Program Files (x86)\Windows Kits\10\Include\10.0.18362.0\ucrt\corecrt_math.h">
      <Filter>Header Files</Filter>
    </ClInclude>
    <ClInclude Include="C:\Program Files (x86)\Windows Kits\10\Include\10.0.18362.0\ucrt\corecrt_math_defines.h">
      <Filter>Header Files</Filter>
    </ClInclude>
    <ClInclude Include="C:\Program Files (x86)\Windows Kits\10\Include\10.0.18362.0\ucrt\corecrt_memcpy_s.h">
      <Filter>Header Files</Filter>
    </ClInclude>
    <ClInclude Include="C:\Program Files (x86)\Windows Kits\10\Include\10.0.18362.0\ucrt\corecrt_memory.h">
      <Filter>Header Files</Filter>
    </ClInclude>
    <ClInclude Include="C:\Program Files (x86)\Windows Kits\10\Include\10.0.18362.0\ucrt\corecrt_search.h">
      <Filter>Header Files</Filter>
    </ClInclude>
    <ClInclude Include="C:\Program Files (x86)\Windows Kits\10\Include\10.0.18362.0\ucrt\corecrt_share.h">
      <Filter>Header Files</Filter>
    </ClInclude>
    <ClInclude Include="C:\Program Files (x86)\Windows Kits\10\Include\10.0.18362.0\ucrt\corecrt_stdio_config.h">
      <Filter>Header Files</Filter>
    </ClInclude>
    <ClInclude Include="C:\Program Files (x86)\Windows Kits\10\Include\10.0.18362.0\ucrt\corecrt_terminate.h">
      <Filter>Header Files</Filter>
    </ClInclude>
    <ClInclude Include="C:\Program Files (x86)\Windows Kits\10\Include\10.0.18362.0\ucrt\corecrt_wconio.h">
      <Filter>Header Files</Filter>
    </ClInclude>
    <ClInclude Include="C:\Program Files (x86)\Windows Kits\10\Include\10.0.18362.0\ucrt\corecrt_wctype.h">
      <Filter>Header Files</Filter>
    </ClInclude>
    <ClInclude Include="C:\Program Files (x86)\Windows Kits\10\Include\10.0.18362.0\ucrt\corecrt_wdirect.h">
      <Filter>Header Files</Filter>
    </ClInclude>
    <ClInclude Include="C:\Program Files (x86)\Windows Kits\10\Include\10.0.18362.0\ucrt\corecrt_wio.h">
      <Filter>Header Files</Filter>
    </ClInclude>
    <ClInclude Include="C:\Program Files (x86)\Windows Kits\10\Include\10.0.18362.0\ucrt\corecrt_wprocess.h">
      <Filter>Header Files</Filter>
    </ClInclude>
    <ClInclude Include="C:\Program Files (x86)\Windows Kits\10\Include\10.0.18362.0\ucrt\corecrt_wstdio.h">
      <Filter>Header Files</Filter>
    </ClInclude>
    <ClInclude Include="C:\Program Files (x86)\Windows Kits\10\Include\10.0.18362.0\ucrt\corecrt_wstdlib.h">
      <Filter>Header Files</Filter>
    </ClInclude>
    <ClInclude Include="C:\Program Files (x86)\Windows Kits\10\Include\10.0.18362.0\ucrt\corecrt_wstring.h">
      <Filter>Header Files</Filter>
    </ClInclude>
    <ClInclude Include="C:\Program Files (x86)\Windows Kits\10\Include\10.0.18362.0\ucrt\corecrt_wtime.h">
      <Filter>Header Files</Filter>
    </ClInclude>
    <ClInclude Include="C:\Program Files (x86)\Windows Kits\10\Include\10.0.18362.0\ucrt\crtdbg.h">
      <Filter>Header Files</Filter>
    </ClInclude>
    <ClInclude Include="C:\Program Files (x86)\Microsoft Visual Studio\2019\Community\VC\Tools\MSVC\14.28.29910\include\crtdefs.h">
      <Filter>Header Files</Filter>
    </ClInclude>
    <ClInclude Include="C:\Program Files (x86)\Windows Kits\10\Include\10.0.18362.0\ucrt\ctype.h">
      <Filter>Header Files</Filter>
    </ClInclude>
    <ClInclude Include="C:\Program Files (x86)\Microsoft Visual Studio\2019\Community\VC\Tools\MSVC\14.28.29910\include\eh.h">
      <Filter>Header Files</Filter>
    </ClInclude>
    <ClInclude Include="C:\Program Files (x86)\Windows Kits\10\Include\10.0.18362.0\ucrt\errno.h">
      <Filter>Header Files</Filter>
    </ClInclude>
    <ClInclude Include="C:\Program Files (x86)\Windows Kits\10\Include\10.0.18362.0\ucrt\float.h">
      <Filter>Header Files</Filter>
    </ClInclude>
    <ClInclude Include="C:\Program Files (x86)\Microsoft Visual Studio\2019\Community\VC\Tools\MSVC\14.28.29910\include\intrin0.h">
      <Filter>Header Files</Filter>
    </ClInclude>
    <ClInclude Include="C:\Program Files (x86)\Microsoft Visual Studio\2019\Community\VC\Tools\MSVC\14.28.29910\include\isa_availability.h">
      <Filter>Header Files</Filter>
    </ClInclude>
    <ClInclude Include="C:\Program Files (x86)\Microsoft Visual Studio\2019\Community\VC\Tools\MSVC\14.28.29910\include\limits.h">
      <Filter>Header Files</Filter>
    </ClInclude>
    <ClInclude Include="C:\Program Files (x86)\Windows Kits\10\Include\10.0.18362.0\ucrt\locale.h">
      <Filter>Header Files</Filter>
    </ClInclude>
    <ClInclude Include="C:\Program Files (x86)\Windows Kits\10\Include\10.0.18362.0\ucrt\malloc.h">
      <Filter>Header Files</Filter>
    </ClInclude>
    <ClInclude Include="C:\Program Files (x86)\Windows Kits\10\Include\10.0.18362.0\ucrt\math.h">
      <Filter>Header Files</Filter>
    </ClInclude>
    <ClInclude Include="C:\Program Files (x86)\Microsoft Visual Studio\2019\Community\VC\Tools\MSVC\14.28.29910\include\sal.h">
      <Filter>Header Files</Filter>
    </ClInclude>
    <ClInclude Include="C:\Program Files (x86)\Windows Kits\10\Include\10.0.18362.0\ucrt\share.h">
      <Filter>Header Files</Filter>
    </ClInclude>
    <ClInclude Include="C:\Program Files (x86)\Microsoft Visual Studio\2019\Community\VC\Tools\MSVC\14.28.29910\include\CodeAnalysis\sourceannotations.h">
      <Filter>Header Files</Filter>
    </ClInclude>
    <ClInclude Include="C:\Program Files (x86)\Windows Kits\10\Include\10.0.18362.0\ucrt\sys\stat.h">
      <Filter>Header Files</Filter>
    </ClInclude>
    <ClInclude Include="C:\Program Files (x86)\Windows Kits\10\Include\10.0.18362.0\ucrt\stddef.h">
      <Filter>Header Files</Filter>
    </ClInclude>
    <ClInclude Include="C:\Program Files (x86)\Microsoft Visual Studio\2019\Community\VC\Tools\MSVC\14.28.29910\include\stdint.h">
      <Filter>Header Files</Filter>
    </ClInclude>
    <ClInclude Include="C:\Program Files (x86)\Windows Kits\10\Include\10.0.18362.0\ucrt\stdio.h">
      <Filter>Header Files</Filter>
    </ClInclude>
    <ClInclude Include="C:\Program Files (x86)\Windows Kits\10\Include\10.0.18362.0\ucrt\stdlib.h">
      <Filter>Header Files</Filter>
    </ClInclude>
    <ClInclude Include="C:\Program Files (x86)\Windows Kits\10\Include\10.0.18362.0\ucrt\string.h">
      <Filter>Header Files</Filter>
    </ClInclude>
    <ClInclude Include="C:\Program Files (x86)\Windows Kits\10\Include\10.0.18362.0\ucrt\time.h">
      <Filter>Header Files</Filter>
    </ClInclude>
    <ClInclude Include="C:\Program Files (x86)\Windows Kits\10\Include\10.0.18362.0\ucrt\sys\types.h">
      <Filter>Header Files</Filter>
    </ClInclude>
    <ClInclude Include="C:\Program Files (x86)\Microsoft Visual Studio\2019\Community\VC\Tools\MSVC\14.28.29910\include\use_ansi.h">
      <Filter>Header Files</Filter>
    </ClInclude>
    <ClInclude Include="C:\Program Files (x86)\Microsoft Visual Studio\2019\Community\VC\Tools\MSVC\14.28.29910\include\vadefs.h">
      <Filter>Header Files</Filter>
    </ClInclude>
    <ClInclude Include="C:\Program Files (x86)\Microsoft Visual Studio\2019\Community\VC\Tools\MSVC\14.28.29910\include\vcruntime.h">
      <Filter>Header Files</Filter>
    </ClInclude>
    <ClInclude Include="C:\Program Files (x86)\Microsoft Visual Studio\2019\Community\VC\Tools\MSVC\14.28.29910\include\vcruntime_exception.h">
      <Filter>Header Files</Filter>
    </ClInclude>
    <ClInclude Include="C:\Program Files (x86)\Microsoft Visual Studio\2019\Community\VC\Tools\MSVC\14.28.29910\include\vcruntime_new.h">
      <Filter>Header Files</Filter>
    </ClInclude>
    <ClInclude Include="C:\Program Files (x86)\Microsoft Visual Studio\2019\Community\VC\Tools\MSVC\14.28.29910\include\vcruntime_new_debug.h">
      <Filter>Header Files</Filter>
    </ClInclude>
    <ClInclude Include="C:\Program Files (x86)\Microsoft Visual Studio\2019\Community\VC\Tools\MSVC\14.28.29910\include\vcruntime_string.h">
      <Filter>Header Files</Filter>
    </ClInclude>
    <ClInclude Include="C:\Program Files (x86)\Microsoft Visual Studio\2019\Community\VC\Tools\MSVC\14.28.29910\include\vcruntime_typeinfo.h">
      <Filter>Header Files</Filter>
    </ClInclude>
    <ClInclude Include="C:\Program Files (x86)\Windows Kits\10\Include\10.0.18362.0\ucrt\wchar.h">
      <Filter>Header Files</Filter>
    </ClInclude>
    <ClInclude Include="C:\Program Files (x86)\Windows Kits\10\Include\10.0.18362.0\shared\winapifamily.h">
      <Filter>Header Files</Filter>
    </ClInclude>
    <ClInclude Include="C:\Program Files (x86)\Windows Kits\10\Include\10.0.18362.0\shared\winpackagefamily.h">
      <Filter>Header Files</Filter>
    </ClInclude>
    <ClInclude Include="C:\Program Files (x86)\Microsoft Visual Studio\2019\Community\VC\Tools\MSVC\14.28.29910\include\xatomic.h">
      <Filter>Header Files</Filter>
    </ClInclude>
    <ClInclude Include="C:\Program Files (x86)\Microsoft Visual Studio\2019\Community\VC\Tools\MSVC\14.28.29910\include\xatomic_wait.h">
      <Filter>Header Files</Filter>
    </ClInclude>
    <ClInclude Include="C:\Program Files (x86)\Microsoft Visual Studio\2019\Community\VC\Tools\MSVC\14.28.29910\include\xbit_ops.h">
      <Filter>Header Files</Filter>
    </ClInclude>
    <ClInclude Include="C:\Program Files (x86)\Microsoft Visual Studio\2019\Community\VC\Tools\MSVC\14.28.29910\include\xcall_once.h">
      <Filter>Header Files</Filter>
    </ClInclude>
    <ClInclude Include="C:\Program Files (x86)\Microsoft Visual Studio\2019\Community\VC\Tools\MSVC\14.28.29910\include\xerrc.h">
      <Filter>Header Files</Filter>
    </ClInclude>
    <ClInclude Include="C:\Program Files (x86)\Microsoft Visual Studio\2019\Community\VC\Tools\MSVC\14.28.29910\include\xkeycheck.h">
      <Filter>Header Files</Filter>
    </ClInclude>
    <ClInclude Include="C:\Program Files (x86)\Microsoft Visual Studio\2019\Community\VC\Tools\MSVC\14.28.29910\include\xlocinfo.h">
      <Filter>Header Files</Filter>
    </ClInclude>
    <ClInclude Include="C:\Program Files (x86)\Microsoft Visual Studio\2019\Community\VC\Tools\MSVC\14.28.29910\include\xnode_handle.h">
      <Filter>Header Files</Filter>
    </ClInclude>
    <ClInclude Include="C:\Program Files (x86)\Microsoft Visual Studio\2019\Community\VC\Tools\MSVC\14.28.29910\include\xpolymorphic_allocator.h">
      <Filter>Header Files</Filter>
    </ClInclude>
    <ClInclude Include="C:\Program Files (x86)\Microsoft Visual Studio\2019\Community\VC\Tools\MSVC\14.28.29910\include\xthreads.h">
      <Filter>Header Files</Filter>
    </ClInclude>
    <ClInclude Include="C:\Program Files (x86)\Microsoft Visual Studio\2019\Community\VC\Tools\MSVC\14.28.29910\include\xtimec.h">
      <Filter>Header Files</Filter>
    </ClInclude>
    <ClInclude Include="C:\Program Files (x86)\Microsoft Visual Studio\2019\Community\VC\Tools\MSVC\14.28.29910\include\yvals.h">
      <Filter>Header Files</Filter>
    </ClInclude>
  </ItemGroup>
  <ItemGroup>
    <None Include="C:\Program Files (x86)\Microsoft Visual Studio\2019\Community\VC\Tools\MSVC\14.28.29910\include\algorithm" />
    <None Include="C:\Program Files (x86)\Microsoft Visual Studio\2019\Community\VC\Tools\MSVC\14.28.29910\include\array" />
    <None Include="C:\Program Files (x86)\Microsoft Visual Studio\2019\Community\VC\Tools\MSVC\14.28.29910\include\atomic" />
    <None Include="C:\Program Files (x86)\Microsoft Visual Studio\2019\Community\VC\Tools\MSVC\14.28.29910\include\bit" />
    <None Include="C:\Program Files (x86)\Microsoft Visual Studio\2019\Community\VC\Tools\MSVC\14.28.29910\include\cctype" />
    <None Include="C:\Program Files (x86)\Microsoft Visual Studio\2019\Community\VC\Tools\MSVC\14.28.29910\include\cerrno" />
    <None Include="C:\Program Files (x86)\Microsoft Visual Studio\2019\Community\VC\Tools\MSVC\14.28.29910\include\cfloat" />
    <None Include="C:\Program Files (x86)\Microsoft Visual Studio\2019\Community\VC\Tools\MSVC\14.28.29910\include\climits" />
    <None Include="C:\Program Files (x86)\Microsoft Visual Studio\2019\Community\VC\Tools\MSVC\14.28.29910\include\clocale" />
    <None Include="C:\Program Files (x86)\Microsoft Visual Studio\2019\Community\VC\Tools\MSVC\14.28.29910\include\cmath" />
    <None Include="C:\Program Files (x86)\Microsoft Visual Studio\2019\Community\VC\Tools\MSVC\14.28.29910\include\compare" />
    <None Include="C:\Program Files (x86)\Microsoft Visual Studio\2019\Community\VC\Tools\MSVC\14.28.29910\include\concepts" />
    <None Include="C:\Program Files (x86)\Microsoft Visual Studio\2019\Community\VC\Tools\MSVC\14.28.29910\include\cstddef" />
    <None Include="C:\Program Files (x86)\Microsoft Visual Studio\2019\Community\VC\Tools\MSVC\14.28.29910\include\cstdint" />
    <None Include="C:\Program Files (x86)\Microsoft Visual Studio\2019\Community\VC\Tools\MSVC\14.28.29910\include\cstdio" />
    <None Include="C:\Program Files (x86)\Microsoft Visual Studio\2019\Community\VC\Tools\MSVC\14.28.29910\include\cstdlib" />
    <None Include="C:\Program Files (x86)\Microsoft Visual Studio\2019\Community\VC\Tools\MSVC\14.28.29910\include\cstring" />
    <None Include="C:\Program Files (x86)\Microsoft Visual Studio\2019\Community\VC\Tools\MSVC\14.28.29910\include\ctime" />
    <None Include="C:\Program Files (x86)\Microsoft Visual Studio\2019\Community\VC\Tools\MSVC\14.28.29910\include\cwchar" />
    <None Include="C:\Program Files (x86)\Microsoft Visual Studio\2019\Community\VC\Tools\MSVC\14.28.29910\include\exception" />
    <None Include="C:\Program Files (x86)\Microsoft Visual Studio\2019\Community\VC\Tools\MSVC\14.28.29910\include\initializer_list" />
    <None Include="C:\Program Files (x86)\Microsoft Visual Studio\2019\Community\VC\Tools\MSVC\14.28.29910\include\ios" />
    <None Include="C:\Program Files (x86)\Microsoft Visual Studio\2019\Community\VC\Tools\MSVC\14.28.29910\include\iosfwd" />
    <None Include="C:\Program Files (x86)\Microsoft Visual Studio\2019\Community\VC\Tools\MSVC\14.28.29910\include\iostream" />
    <None Include="C:\Program Files (x86)\Microsoft Visual Studio\2019\Community\VC\Tools\MSVC\14.28.29910\include\istream" />
    <None Include="C:\Program Files (x86)\Microsoft Visual Studio\2019\Community\VC\Tools\MSVC\14.28.29910\include\iterator" />
    <None Include="C:\Program Files (x86)\Microsoft Visual Studio\2019\Community\VC\Tools\MSVC\14.28.29910\include\limits" />
    <None Include="C:\Program Files (x86)\Microsoft Visual Studio\2019\Community\VC\Tools\MSVC\14.28.29910\include\list" />
    <None Include="C:\Program Files (x86)\Microsoft Visual Studio\2019\Community\VC\Tools\MSVC\14.28.29910\include\map" />
    <None Include="C:\Program Files (x86)\Microsoft Visual Studio\2019\Community\VC\Tools\MSVC\14.28.29910\include\memory" />
    <None Include="C:\Program Files (x86)\Microsoft Visual Studio\2019\Community\VC\Tools\MSVC\14.28.29910\include\new" />
    <None Include="C:\Program Files (x86)\Microsoft Visual Studio\2019\Community\VC\Tools\MSVC\14.28.29910\include\ostream" />
    <None Include="C:\Program Files (x86)\Microsoft Visual Studio\2019\Community\VC\Tools\MSVC\14.28.29910\include\random" />
    <None Include="C:\Program Files (x86)\Microsoft Visual Studio\2019\Community\VC\Tools\MSVC\14.28.29910\include\stdexcept" />
    <None Include="C:\Program Files (x86)\Microsoft Visual Studio\2019\Community\VC\Tools\MSVC\14.28.29910\include\streambuf" />
    <None Include="C:\Program Files (x86)\Microsoft Visual Studio\2019\Community\VC\Tools\MSVC\14.28.29910\include\string" />
    <None Include="C:\Program Files (x86)\Microsoft Visual Studio\2019\Community\VC\Tools\MSVC\14.28.29910\include\system_error" />
    <None Include="C:\Program Files (x86)\Microsoft Visual Studio\2019\Community\VC\Tools\MSVC\14.28.29910\include\tuple" />
    <None Include="C:\Program Files (x86)\Microsoft Visual Studio\2019\Community\VC\Tools\MSVC\14.28.29910\include\type_traits" />
    <None Include="C:\Program Files (x86)\Microsoft Visual Studio\2019\Community\VC\Tools\MSVC\14.28.29910\include\typeinfo" />
    <None Include="C:\Program Files (x86)\Microsoft Visual Studio\2019\Community\VC\Tools\MSVC\14.28.29910\include\unordered_map" />
    <None Include="C:\Program Files (x86)\Microsoft Visual Studio\2019\Community\VC\Tools\MSVC\14.28.29910\include\unordered_set" />
    <None Include="C:\Program Files (x86)\Microsoft Visual Studio\2019\Community\VC\Tools\MSVC\14.28.29910\include\utility" />
    <None Include="C:\Program Files (x86)\Microsoft Visual Studio\2019\Community\VC\Tools\MSVC\14.28.29910\include\vector" />
    <None Include="C:\Program Files (x86)\Microsoft Visual Studio\2019\Community\VC\Tools\MSVC\14.28.29910\include\xfacet" />
    <None Include="C:\Program Files (x86)\Microsoft Visual Studio\2019\Community\VC\Tools\MSVC\14.28.29910\include\xhash" />
    <None Include="C:\Program Files (x86)\Microsoft Visual Studio\2019\Community\VC\Tools\MSVC\14.28.29910\include\xiosbase" />
    <None Include="C:\Program Files (x86)\Microsoft Visual Studio\2019\Community\VC\Tools\MSVC\14.28.29910\include\xlocale" />
    <None Include="C:\Program Files (x86)\Microsoft Visual Studio\2019\Community\VC\Tools\MSVC\14.28.29910\include\xlocinfo" />
    <None Include="C:\Program Files (x86)\Microsoft Visual Studio\2019\Community\VC\Tools\MSVC\14.28.29910\include\xlocnum" />
    <None Include="C:\Program Files (x86)\Microsoft Visual Studio\2019\Community\VC\Tools\MSVC\14.28.29910\include\xmemory" />
    <None Include="C:\Program Files (x86)\Microsoft Visual Studio\2019\Community\VC\Tools\MSVC\14.28.29910\include\xstddef" />
    <None Include="C:\Program Files (x86)\Microsoft Visual Studio\2019\Community\VC\Tools\MSVC\14.28.29910\include\xstring" />
    <None Include="C:\Program Files (x86)\Microsoft Visual Studio\2019\Community\VC\Tools\MSVC\14.28.29910\include\xtr1common" />
    <None Include="C:\Program Files (x86)\Microsoft Visual Studio\2019\Community\VC\Tools\MSVC\14.28.29910\include\xtree" />
    <None Include="C:\Program Files (x86)\Microsoft Visual Studio\2019\Community\VC\Tools\MSVC\14.28.29910\include\xutility" />
  </ItemGroup>
</Project>